
Microsoft Visual Studio Solution File, Format Version 12.00
# Visual Studio 15
VisualStudioVersion = 15.0.28307.136
MinimumVisualStudioVersion = 10.0.40219.1
Project("{FAE04EC0-301F-11D3-BF4B-00C04F79EFBC}") = "WebApplication1", "WebApplication1\WebApplication1.csproj", "{3A4A30B6-5585-4E6C-969A-084A8BC0C89A}"
EndProject
Project("{FAE04EC0-301F-11D3-BF4B-00C04F79EFBC}") = "WebApplication1.Tests", "WebApplication1.Tests\WebApplication1.Tests.csproj", "{7DC1C5FF-7CEB-43D8-883B-EAAE79F39FBE}"
EndProject
Global
	GlobalSection(SolutionConfigurationPlatforms) = preSolution
		Debug|Any CPU = Debug|Any CPU
		Release|Any CPU = Release|Any CPU
	EndGlobalSection
	GlobalSection(ProjectConfigurationPlatforms) = postSolution
		{3A4A30B6-5585-4E6C-969A-084A8BC0C89A}.Debug|Any CPU.ActiveCfg = Debug|Any CPU
		{3A4A30B6-5585-4E6C-969A-084A8BC0C89A}.Debug|Any CPU.Build.0 = Debug|Any CPU
		{3A4A30B6-5585-4E6C-969A-084A8BC0C89A}.Release|Any CPU.ActiveCfg = Release|Any CPU
		{3A4A30B6-5585-4E6C-969A-084A8BC0C89A}.Release|Any CPU.Build.0 = Release|Any CPU
		{7DC1C5FF-7CEB-43D8-883B-EAAE79F39FBE}.Debug|Any CPU.ActiveCfg = Debug|Any CPU
		{7DC1C5FF-7CEB-43D8-883B-EAAE79F39FBE}.Debug|Any CPU.Build.0 = Debug|Any CPU
		{7DC1C5FF-7CEB-43D8-883B-EAAE79F39FBE}.Release|Any CPU.ActiveCfg = Release|Any CPU
		{7DC1C5FF-7CEB-43D8-883B-EAAE79F39FBE}.Release|Any CPU.Build.0 = Release|Any CPU
	EndGlobalSection
	GlobalSection(SolutionProperties) = preSolution
		HideSolutionNode = FALSE
	EndGlobalSection
	GlobalSection(ExtensibilityGlobals) = postSolution
		SolutionGuid = {8C59A136-0C8E-47CF-8BC0-6F72666C6E1F}
	EndGlobalSection
EndGlobal
